// !$*UTF8*$!
{
	archiveVersion = 1;
	classes = {
	};
	objectVersion = 77;
	objects = {

/* Begin PBXContainerItemProxy section */
		4359D5D22DF4A038005D39F4 /* PBXContainerItemProxy */ = {
			isa = PBXContainerItemProxy;
			containerPortal = 4359D5BA2DF4A037005D39F4 /* Project object */;
			proxyType = 1;
			remoteGlobalIDString = 4359D5C12DF4A038005D39F4;
			remoteInfo = UIPlayground;
		};
		4359D5DC2DF4A038005D39F4 /* PBXContainerItemProxy */ = {
			isa = PBXContainerItemProxy;
			containerPortal = 4359D5BA2DF4A037005D39F4 /* Project object */;
			proxyType = 1;
			remoteGlobalIDString = 4359D5C12DF4A038005D39F4;
			remoteInfo = UIPlayground;
		};
/* End PBXContainerItemProxy section */

/* Begin PBXFileReference section */
		4359D5C22DF4A038005D39F4 /* UIPlayground.app */ = {isa = PBXFileReference; explicitFileType = wrapper.application; includeInIndex = 0; path = UIPlayground.app; sourceTree = BUILT_PRODUCTS_DIR; };
		4359D5D12DF4A038005D39F4 /* UIPlaygroundTests.xctest */ = {isa = PBXFileReference; explicitFileType = wrapper.cfbundle; includeInIndex = 0; path = UIPlaygroundTests.xctest; sourceTree = BUILT_PRODUCTS_DIR; };
		4359D5DB2DF4A038005D39F4 /* UIPlaygroundUITests.xctest */ = {isa = PBXFileReference; explicitFileType = wrapper.cfbundle; includeInIndex = 0; path = UIPlaygroundUITests.xctest; sourceTree = BUILT_PRODUCTS_DIR; };
/* End PBXFileReference section */

/* Begin PBXFileSystemSynchronizedRootGroup section */
		4359D5C42DF4A038005D39F4 /* UIPlayground */ = {
			isa = PBXFileSystemSynchronizedRootGroup;
			path = UIPlayground;
			sourceTree = "<group>";
		};
		4359D5D42DF4A038005D39F4 /* UIPlaygroundTests */ = {
			isa = PBXFileSystemSynchronizedRootGroup;
			path = UIPlaygroundTests;
			sourceTree = "<group>";
		};
		4359D5DE2DF4A038005D39F4 /* UIPlaygroundUITests */ = {
			isa = PBXFileSystemSynchronizedRootGroup;
			path = UIPlaygroundUITests;
			sourceTree = "<group>";
		};
/* End PBXFileSystemSynchronizedRootGroup section */

/* Begin PBXFrameworksBuildPhase section */
		4359D5BF2DF4A038005D39F4 /* Frameworks */ = {
			isa = PBXFrameworksBuildPhase;
			buildActionMask = 2147483647;
			files = (
			);
			runOnlyForDeploymentPostprocessing = 0;
		};
		4359D5CE2DF4A038005D39F4 /* Frameworks */ = {
			isa = PBXFrameworksBuildPhase;
			buildActionMask = 2147483647;
			files = (
			);
			runOnlyForDeploymentPostprocessing = 0;
		};
		4359D5D82DF4A038005D39F4 /* Frameworks */ = {
			isa = PBXFrameworksBuildPhase;
			buildActionMask = 2147483647;
			files = (
			);
			runOnlyForDeploymentPostprocessing = 0;
		};
/* End PBXFrameworksBuildPhase section */

/* Begin PBXGroup section */
		4359D5B92DF4A037005D39F4 = {
			isa = PBXGroup;
			children = (
				4359D5C42DF4A038005D39F4 /* UIPlayground */,
				4359D5D42DF4A038005D39F4 /* UIPlaygroundTests */,
				4359D5DE2DF4A038005D39F4 /* UIPlaygroundUITests */,
				4359D5C32DF4A038005D39F4 /* Products */,
			);
			sourceTree = "<group>";
		};
		4359D5C32DF4A038005D39F4 /* Products */ = {
			isa = PBXGroup;
			children = (
				4359D5C22DF4A038005D39F4 /* UIPlayground.app */,
				4359D5D12DF4A038005D39F4 /* UIPlaygroundTests.xctest */,
				4359D5DB2DF4A038005D39F4 /* UIPlaygroundUITests.xctest */,
			);
			name = Products;
			sourceTree = "<group>";
		};
/* End PBXGroup section */

/* Begin PBXNativeTarget section */
		4359D5C12DF4A038005D39F4 /* UIPlayground */ = {
			isa = PBXNativeTarget;
			buildConfigurationList = 4359D5E52DF4A038005D39F4 /* Build configuration list for PBXNativeTarget "UIPlayground" */;
			buildPhases = (
				4359D5BE2DF4A038005D39F4 /* Sources */,
				4359D5BF2DF4A038005D39F4 /* Frameworks */,
				4359D5C02DF4A038005D39F4 /* Resources */,
			);
			buildRules = (
			);
			dependencies = (
			);
			fileSystemSynchronizedGroups = (
				4359D5C42DF4A038005D39F4 /* UIPlayground */,
			);
			name = UIPlayground;
			packageProductDependencies = (
			);
			productName = UIPlayground;
			productReference = 4359D5C22DF4A038005D39F4 /* UIPlayground.app */;
			productType = "com.apple.product-type.application";
		};
		4359D5D02DF4A038005D39F4 /* UIPlaygroundTests */ = {
			isa = PBXNativeTarget;
			buildConfigurationList = 4359D5E82DF4A038005D39F4 /* Build configuration list for PBXNativeTarget "UIPlaygroundTests" */;
			buildPhases = (
				4359D5CD2DF4A038005D39F4 /* Sources */,
				4359D5CE2DF4A038005D39F4 /* Frameworks */,
				4359D5CF2DF4A038005D39F4 /* Resources */,
			);
			buildRules = (
			);
			dependencies = (
				4359D5D32DF4A038005D39F4 /* PBXTargetDependency */,
			);
			fileSystemSynchronizedGroups = (
				4359D5D42DF4A038005D39F4 /* UIPlaygroundTests */,
			);
			name = UIPlaygroundTests;
			packageProductDependencies = (
			);
			productName = UIPlaygroundTests;
			productReference = 4359D5D12DF4A038005D39F4 /* UIPlaygroundTests.xctest */;
			productType = "com.apple.product-type.bundle.unit-test";
		};
		4359D5DA2DF4A038005D39F4 /* UIPlaygroundUITests */ = {
			isa = PBXNativeTarget;
			buildConfigurationList = 4359D5EB2DF4A038005D39F4 /* Build configuration list for PBXNativeTarget "UIPlaygroundUITests" */;
			buildPhases = (
				4359D5D72DF4A038005D39F4 /* Sources */,
				4359D5D82DF4A038005D39F4 /* Frameworks */,
				4359D5D92DF4A038005D39F4 /* Resources */,
			);
			buildRules = (
			);
			dependencies = (
				4359D5DD2DF4A038005D39F4 /* PBXTargetDependency */,
			);
			fileSystemSynchronizedGroups = (
				4359D5DE2DF4A038005D39F4 /* UIPlaygroundUITests */,
			);
			name = UIPlaygroundUITests;
			packageProductDependencies = (
			);
			productName = UIPlaygroundUITests;
			productReference = 4359D5DB2DF4A038005D39F4 /* UIPlaygroundUITests.xctest */;
			productType = "com.apple.product-type.bundle.ui-testing";
		};
/* End PBXNativeTarget section */

/* Begin PBXProject section */
		4359D5BA2DF4A037005D39F4 /* Project object */ = {
			isa = PBXProject;
			attributes = {
				BuildIndependentTargetsInParallel = 1;
				LastSwiftUpdateCheck = 1640;
				LastUpgradeCheck = 1640;
				TargetAttributes = {
					4359D5C12DF4A038005D39F4 = {
						CreatedOnToolsVersion = 16.4;
					};
					4359D5D02DF4A038005D39F4 = {
						CreatedOnToolsVersion = 16.4;
						TestTargetID = 4359D5C12DF4A038005D39F4;
					};
					4359D5DA2DF4A038005D39F4 = {
						CreatedOnToolsVersion = 16.4;
						TestTargetID = 4359D5C12DF4A038005D39F4;
					};
				};
			};
			buildConfigurationList = 4359D5BD2DF4A037005D39F4 /* Build configuration list for PBXProject "UIPlayground" */;
			developmentRegion = en;
			hasScannedForEncodings = 0;
			knownRegions = (
				en,
				Base,
			);
			mainGroup = 4359D5B92DF4A037005D39F4;
			minimizedProjectReferenceProxies = 1;
			preferredProjectObjectVersion = 77;
			productRefGroup = 4359D5C32DF4A038005D39F4 /* Products */;
			projectDirPath = "";
			projectRoot = "";
			targets = (
				4359D5C12DF4A038005D39F4 /* UIPlayground */,
				4359D5D02DF4A038005D39F4 /* UIPlaygroundTests */,
				4359D5DA2DF4A038005D39F4 /* UIPlaygroundUITests */,
			);
		};
/* End PBXProject section */

/* Begin PBXResourcesBuildPhase section */
		4359D5C02DF4A038005D39F4 /* Resources */ = {
			isa = PBXResourcesBuildPhase;
			buildActionMask = 2147483647;
			files = (
			);
			runOnlyForDeploymentPostprocessing = 0;
		};
		4359D5CF2DF4A038005D39F4 /* Resources */ = {
			isa = PBXResourcesBuildPhase;
			buildActionMask = 2147483647;
			files = (
			);
			runOnlyForDeploymentPostprocessing = 0;
		};
		4359D5D92DF4A038005D39F4 /* Resources */ = {
			isa = PBXResourcesBuildPhase;
			buildActionMask = 2147483647;
			files = (
			);
			runOnlyForDeploymentPostprocessing = 0;
		};
/* End PBXResourcesBuildPhase section */

/* Begin PBXSourcesBuildPhase section */
		4359D5BE2DF4A038005D39F4 /* Sources */ = {
			isa = PBXSourcesBuildPhase;
			buildActionMask = 2147483647;
			files = (
			);
			runOnlyForDeploymentPostprocessing = 0;
		};
		4359D5CD2DF4A038005D39F4 /* Sources */ = {
			isa = PBXSourcesBuildPhase;
			buildActionMask = 2147483647;
			files = (
			);
			runOnlyForDeploymentPostprocessing = 0;
		};
		4359D5D72DF4A038005D39F4 /* Sources */ = {
			isa = PBXSourcesBuildPhase;
			buildActionMask = 2147483647;
			files = (
			);
			runOnlyForDeploymentPostprocessing = 0;
		};
/* End PBXSourcesBuildPhase section */

/* Begin PBXTargetDependency section */
		4359D5D32DF4A038005D39F4 /* PBXTargetDependency */ = {
			isa = PBXTargetDependency;
			target = 4359D5C12DF4A038005D39F4 /* UIPlayground */;
			targetProxy = 4359D5D22DF4A038005D39F4 /* PBXContainerItemProxy */;
		};
		4359D5DD2DF4A038005D39F4 /* PBXTargetDependency */ = {
			isa = PBXTargetDependency;
			target = 4359D5C12DF4A038005D39F4 /* UIPlayground */;
			targetProxy = 4359D5DC2DF4A038005D39F4 /* PBXContainerItemProxy */;
		};
/* End PBXTargetDependency section */

/* Begin XCBuildConfiguration section */
		4359D5E32DF4A038005D39F4 /* Debug */ = {
			isa = XCBuildConfiguration;
			buildSettings = {
				ALWAYS_SEARCH_USER_PATHS = NO;
				ASSETCATALOG_COMPILER_GENERATE_SWIFT_ASSET_SYMBOL_EXTENSIONS = YES;
				CLANG_ANALYZER_NONNULL = YES;
				CLANG_ANALYZER_NUMBER_OBJECT_CONVERSION = YES_AGGRESSIVE;
				CLANG_CXX_LANGUAGE_STANDARD = "gnu++20";
				CLANG_ENABLE_MODULES = YES;
				CLANG_ENABLE_OBJC_ARC = YES;
				CLANG_ENABLE_OBJC_WEAK = YES;
				CLANG_WARN_BLOCK_CAPTURE_AUTORELEASING = YES;
				CLANG_WARN_BOOL_CONVERSION = YES;
				CLANG_WARN_COMMA = YES;
				CLANG_WARN_CONSTANT_CONVERSION = YES;
				CLANG_WARN_DEPRECATED_OBJC_IMPLEMENTATIONS = YES;
				CLANG_WARN_DIRECT_OBJC_ISA_USAGE = YES_ERROR;
				CLANG_WARN_DOCUMENTATION_COMMENTS = YES;
				CLANG_WARN_EMPTY_BODY = YES;
				CLANG_WARN_ENUM_CONVERSION = YES;
				CLANG_WARN_INFINITE_RECURSION = YES;
				CLANG_WARN_INT_CONVERSION = YES;
				CLANG_WARN_NON_LITERAL_NULL_CONVERSION = YES;
				CLANG_WARN_OBJC_IMPLICIT_RETAIN_SELF = YES;
				CLANG_WARN_OBJC_LITERAL_CONVERSION = YES;
				CLANG_WARN_OBJC_ROOT_CLASS = YES_ERROR;
				CLANG_WARN_QUOTED_INCLUDE_IN_FRAMEWORK_HEADER = YES;
				CLANG_WARN_RANGE_LOOP_ANALYSIS = YES;
				CLANG_WARN_STRICT_PROTOTYPES = YES;
				CLANG_WARN_SUSPICIOUS_MOVE = YES;
				CLANG_WARN_UNGUARDED_AVAILABILITY = YES_AGGRESSIVE;
				CLANG_WARN_UNREACHABLE_CODE = YES;
				CLANG_WARN__DUPLICATE_METHOD_MATCH = YES;
				COPY_PHASE_STRIP = NO;
				DEBUG_INFORMATION_FORMAT = dwarf;
				DEVELOPMENT_TEAM = 3T8U2C2UDF;
				ENABLE_STRICT_OBJC_MSGSEND = YES;
				ENABLE_TESTABILITY = YES;
				ENABLE_USER_SCRIPT_SANDBOXING = YES;
				GCC_C_LANGUAGE_STANDARD = gnu17;
				GCC_DYNAMIC_NO_PIC = NO;
				GCC_NO_COMMON_BLOCKS = YES;
				GCC_OPTIMIZATION_LEVEL = 0;
				GCC_PREPROCESSOR_DEFINITIONS = (
					"DEBUG=1",
					"$(inherited)",
				);
				GCC_WARN_64_TO_32_BIT_CONVERSION = YES;
				GCC_WARN_ABOUT_RETURN_TYPE = YES_ERROR;
				GCC_WARN_UNDECLARED_SELECTOR = YES;
				GCC_WARN_UNINITIALIZED_AUTOS = YES_AGGRESSIVE;
				GCC_WARN_UNUSED_FUNCTION = YES;
				GCC_WARN_UNUSED_VARIABLE = YES;
				IPHONEOS_DEPLOYMENT_TARGET = 18.5;
				LOCALIZATION_PREFERS_STRING_CATALOGS = YES;
				MTL_ENABLE_DEBUG_INFO = INCLUDE_SOURCE;
				MTL_FAST_MATH = YES;
				ONLY_ACTIVE_ARCH = YES;
				SDKROOT = iphoneos;
				SWIFT_ACTIVE_COMPILATION_CONDITIONS = "DEBUG $(inherited)";
				SWIFT_OPTIMIZATION_LEVEL = "-Onone";
			};
			name = Debug;
		};
		4359D5E42DF4A038005D39F4 /* Release */ = {
			isa = XCBuildConfiguration;
			buildSettings = {
				ALWAYS_SEARCH_USER_PATHS = NO;
				ASSETCATALOG_COMPILER_GENERATE_SWIFT_ASSET_SYMBOL_EXTENSIONS = YES;
				CLANG_ANALYZER_NONNULL = YES;
				CLANG_ANALYZER_NUMBER_OBJECT_CONVERSION = YES_AGGRESSIVE;
				CLANG_CXX_LANGUAGE_STANDARD = "gnu++20";
				CLANG_ENABLE_MODULES = YES;
				CLANG_ENABLE_OBJC_ARC = YES;
				CLANG_ENABLE_OBJC_WEAK = YES;
				CLANG_WARN_BLOCK_CAPTURE_AUTORELEASING = YES;
				CLANG_WARN_BOOL_CONVERSION = YES;
				CLANG_WARN_COMMA = YES;
				CLANG_WARN_CONSTANT_CONVERSION = YES;
				CLANG_WARN_DEPRECATED_OBJC_IMPLEMENTATIONS = YES;
				CLANG_WARN_DIRECT_OBJC_ISA_USAGE = YES_ERROR;
				CLANG_WARN_DOCUMENTATION_COMMENTS = YES;
				CLANG_WARN_EMPTY_BODY = YES;
				CLANG_WARN_ENUM_CONVERSION = YES;
				CLANG_WARN_INFINITE_RECURSION = YES;
				CLANG_WARN_INT_CONVERSION = YES;
				CLANG_WARN_NON_LITERAL_NULL_CONVERSION = YES;
				CLANG_WARN_OBJC_IMPLICIT_RETAIN_SELF = YES;
				CLANG_WARN_OBJC_LITERAL_CONVERSION = YES;
				CLANG_WARN_OBJC_ROOT_CLASS = YES_ERROR;
				CLANG_WARN_QUOTED_INCLUDE_IN_FRAMEWORK_HEADER = YES;
				CLANG_WARN_RANGE_LOOP_ANALYSIS = YES;
				CLANG_WARN_STRICT_PROTOTYPES = YES;
				CLANG_WARN_SUSPICIOUS_MOVE = YES;
				CLANG_WARN_UNGUARDED_AVAILABILITY = YES_AGGRESSIVE;
				CLANG_WARN_UNREACHABLE_CODE = YES;
				CLANG_WARN__DUPLICATE_METHOD_MATCH = YES;
				COPY_PHASE_STRIP = NO;
				DEBUG_INFORMATION_FORMAT = "dwarf-with-dsym";
				DEVELOPMENT_TEAM = 3T8U2C2UDF;
				ENABLE_NS_ASSERTIONS = NO;
				ENABLE_STRICT_OBJC_MSGSEND = YES;
				ENABLE_USER_SCRIPT_SANDBOXING = YES;
				GCC_C_LANGUAGE_STANDARD = gnu17;
				GCC_NO_COMMON_BLOCKS = YES;
				GCC_WARN_64_TO_32_BIT_CONVERSION = YES;
				GCC_WARN_ABOUT_RETURN_TYPE = YES_ERROR;
				GCC_WARN_UNDECLARED_SELECTOR = YES;
				GCC_WARN_UNINITIALIZED_AUTOS = YES_AGGRESSIVE;
				GCC_WARN_UNUSED_FUNCTION = YES;
				GCC_WARN_UNUSED_VARIABLE = YES;
				IPHONEOS_DEPLOYMENT_TARGET = 18.5;
				LOCALIZATION_PREFERS_STRING_CATALOGS = YES;
				MTL_ENABLE_DEBUG_INFO = NO;
				MTL_FAST_MATH = YES;
				SDKROOT = iphoneos;
				SWIFT_COMPILATION_MODE = wholemodule;
				VALIDATE_PRODUCT = YES;
			};
			name = Release;
		};
		4359D5E62DF4A038005D39F4 /* Debug */ = {
			isa = XCBuildConfiguration;
			buildSettings = {
				ASSETCATALOG_COMPILER_APPICON_NAME = AppIcon;
				ASSETCATALOG_COMPILER_GLOBAL_ACCENT_COLOR_NAME = AccentColor;
				CODE_SIGN_STYLE = Automatic;
				CURRENT_PROJECT_VERSION = 1;
				DEVELOPMENT_TEAM = 3T8U2C2UDF;
				ENABLE_PREVIEWS = YES;
				GENERATE_INFOPLIST_FILE = YES;
				INFOPLIST_KEY_UIApplicationSceneManifest_Generation = YES;
				INFOPLIST_KEY_UIApplicationSupportsIndirectInputEvents = YES;
				INFOPLIST_KEY_UILaunchScreen_Generation = YES;
				INFOPLIST_KEY_UISupportedInterfaceOrientations_iPad = "UIInterfaceOrientationPortrait UIInterfaceOrientationPortraitUpsideDown UIInterfaceOrientationLandscapeLeft UIInterfaceOrientationLandscapeRight";
				INFOPLIST_KEY_UISupportedInterfaceOrientations_iPhone = "UIInterfaceOrientationPortrait UIInterfaceOrientationLandscapeLeft UIInterfaceOrientationLandscapeRight";
				LD_RUNPATH_SEARCH_PATHS = (
					"$(inherited)",
					"@executable_path/Frameworks",
				);
				MARKETING_VERSION = 1.0;
				PRODUCT_BUNDLE_IDENTIFIER = com.nuxe.UIPlayground;
				PRODUCT_NAME = "$(TARGET_NAME)";
				SWIFT_EMIT_LOC_STRINGS = YES;
				SWIFT_VERSION = 5.0;
				TARGETED_DEVICE_FAMILY = "1,2";
			};
			name = Debug;
		};
		4359D5E72DF4A038005D39F4 /* Release */ = {
			isa = XCBuildConfiguration;
			buildSettings = {
				ASSETCATALOG_COMPILER_APPICON_NAME = AppIcon;
				ASSETCATALOG_COMPILER_GLOBAL_ACCENT_COLOR_NAME = AccentColor;
				CODE_SIGN_STYLE = Automatic;
				CURRENT_PROJECT_VERSION = 1;
				DEVELOPMENT_TEAM = 3T8U2C2UDF;
				ENABLE_PREVIEWS = YES;
				GENERATE_INFOPLIST_FILE = YES;
				INFOPLIST_KEY_UIApplicationSceneManifest_Generation = YES;
				INFOPLIST_KEY_UIApplicationSupportsIndirectInputEvents = YES;
				INFOPLIST_KEY_UILaunchScreen_Generation = YES;
				INFOPLIST_KEY_UISupportedInterfaceOrientations_iPad = "UIInterfaceOrientationPortrait UIInterfaceOrientationPortraitUpsideDown UIInterfaceOrientationLandscapeLeft UIInterfaceOrientationLandscapeRight";
				INFOPLIST_KEY_UISupportedInterfaceOrientations_iPhone = "UIInterfaceOrientationPortrait UIInterfaceOrientationLandscapeLeft UIInterfaceOrientationLandscapeRight";
				LD_RUNPATH_SEARCH_PATHS = (
					"$(inherited)",
					"@executable_path/Frameworks",
				);
				MARKETING_VERSION = 1.0;
				PRODUCT_BUNDLE_IDENTIFIER = com.nuxe.UIPlayground;
				PRODUCT_NAME = "$(TARGET_NAME)";
				SWIFT_EMIT_LOC_STRINGS = YES;
				SWIFT_VERSION = 5.0;
				TARGETED_DEVICE_FAMILY = "1,2";
			};
			name = Release;
		};
		4359D5E92DF4A038005D39F4 /* Debug */ = {
			isa = XCBuildConfiguration;
			buildSettings = {
				BUNDLE_LOADER = "$(TEST_HOST)";
				CODE_SIGN_STYLE = Automatic;
				CURRENT_PROJECT_VERSION = 1;
				DEVELOPMENT_TEAM = 3T8U2C2UDF;
				GENERATE_INFOPLIST_FILE = YES;
				IPHONEOS_DEPLOYMENT_TARGET = 18.5;
				MARKETING_VERSION = 1.0;
				PRODUCT_BUNDLE_IDENTIFIER = com.nuxe.UIPlaygroundTests;
				PRODUCT_NAME = "$(TARGET_NAME)";
				SWIFT_EMIT_LOC_STRINGS = NO;
				SWIFT_VERSION = 5.0;
				TARGETED_DEVICE_FAMILY = "1,2";
				TEST_HOST = "$(BUILT_PRODUCTS_DIR)/UIPlayground.app/$(BUNDLE_EXECUTABLE_FOLDER_PATH)/UIPlayground";
			};
			name = Debug;
		};
		4359D5EA2DF4A038005D39F4 /* Release */ = {
			isa = XCBuildConfiguration;
			buildSettings = {
				BUNDLE_LOADER = "$(TEST_HOST)";
				CODE_SIGN_STYLE = Automatic;
				CURRENT_PROJECT_VERSION = 1;
				DEVELOPMENT_TEAM = 3T8U2C2UDF;
				GENERATE_INFOPLIST_FILE = YES;
				IPHONEOS_DEPLOYMENT_TARGET = 18.5;
				MARKETING_VERSION = 1.0;
				PRODUCT_BUNDLE_IDENTIFIER = com.nuxe.UIPlaygroundTests;
				PRODUCT_NAME = "$(TARGET_NAME)";
				SWIFT_EMIT_LOC_STRINGS = NO;
				SWIFT_VERSION = 5.0;
				TARGETED_DEVICE_FAMILY = "1,2";
				TEST_HOST = "$(BUILT_PRODUCTS_DIR)/UIPlayground.app/$(BUNDLE_EXECUTABLE_FOLDER_PATH)/UIPlayground";
			};
			name = Release;
		};
		4359D5EC2DF4A038005D39F4 /* Debug */ = {
			isa = XCBuildConfiguration;
			buildSettings = {
				CODE_SIGN_STYLE = Automatic;
				CURRENT_PROJECT_VERSION = 1;
				DEVELOPMENT_TEAM = 3T8U2C2UDF;
				GENERATE_INFOPLIST_FILE = YES;
				MARKETING_VERSION = 1.0;
				PRODUCT_BUNDLE_IDENTIFIER = com.nuxe.UIPlaygroundUITests;
				PRODUCT_NAME = "$(TARGET_NAME)";
				SWIFT_EMIT_LOC_STRINGS = NO;
				SWIFT_VERSION = 5.0;
				TARGETED_DEVICE_FAMILY = "1,2";
				TEST_TARGET_NAME = UIPlayground;
			};
			name = Debug;
		};
		4359D5ED2DF4A038005D39F4 /* Release */ = {
			isa = XCBuildConfiguration;
			buildSettings = {
				CODE_SIGN_STYLE = Automatic;
				CURRENT_PROJECT_VERSION = 1;
				DEVELOPMENT_TEAM = 3T8U2C2UDF;
				GENERATE_INFOPLIST_FILE = YES;
				MARKETING_VERSION = 1.0;
				PRODUCT_BUNDLE_IDENTIFIER = com.nuxe.UIPlaygroundUITests;
				PRODUCT_NAME = "$(TARGET_NAME)";
				SWIFT_EMIT_LOC_STRINGS = NO;
				SWIFT_VERSION = 5.0;
				TARGETED_DEVICE_FAMILY = "1,2";
				TEST_TARGET_NAME = UIPlayground;
			};
			name = Release;
		};
/* End XCBuildConfiguration section */

/* Begin XCConfigurationList section */
		4359D5BD2DF4A037005D39F4 /* Build configuration list for PBXProject "UIPlayground" */ = {
			isa = XCConfigurationList;
			buildConfigurations = (
				4359D5E32DF4A038005D39F4 /* Debug */,
				4359D5E42DF4A038005D39F4 /* Release */,
			);
			defaultConfigurationIsVisible = 0;
			defaultConfigurationName = Release;
		};
		4359D5E52DF4A038005D39F4 /* Build configuration list for PBXNativeTarget "UIPlayground" */ = {
			isa = XCConfigurationList;
			buildConfigurations = (
				4359D5E62DF4A038005D39F4 /* Debug */,
				4359D5E72DF4A038005D39F4 /* Release */,
			);
			defaultConfigurationIsVisible = 0;
			defaultConfigurationName = Release;
		};
		4359D5E82DF4A038005D39F4 /* Build configuration list for PBXNativeTarget "UIPlaygroundTests" */ = {
			isa = XCConfigurationList;
			buildConfigurations = (
				4359D5E92DF4A038005D39F4 /* Debug */,
				4359D5EA2DF4A038005D39F4 /* Release */,
			);
			defaultConfigurationIsVisible = 0;
			defaultConfigurationName = Release;
		};
		4359D5EB2DF4A038005D39F4 /* Build configuration list for PBXNativeTarget "UIPlaygroundUITests" */ = {
			isa = XCConfigurationList;
			buildConfigurations = (
				4359D5EC2DF4A038005D39F4 /* Debug */,
				4359D5ED2DF4A038005D39F4 /* Release */,
			);
			defaultConfigurationIsVisible = 0;
			defaultConfigurationName = Release;
		};
/* End XCConfigurationList section */
	};
	rootObject = 4359D5BA2DF4A037005D39F4 /* Project object */;
}
